
Microsoft Visual Studio Solution File, Format Version 12.00
# Visual Studio Version 17
VisualStudioVersion = 17.7.34024.191
MinimumVisualStudioVersion = 10.0.40219.1
Project("{FAE04EC0-301F-11D3-BF4B-00C04F79EFBC}") = "turnupAutomationshilpi", "turnupAutomationshilpi\turnupAutomationshilpi.csproj", "{B7523922-9745-40D4-8F7D-38602F89FFE6}"
EndProject
Global
	GlobalSection(SolutionConfigurationPlatforms) = preSolution
		Debug|Any CPU = Debug|Any CPU
		Release|Any CPU = Release|Any CPU
	EndGlobalSection
	GlobalSection(ProjectConfigurationPlatforms) = postSolution
		{B7523922-9745-40D4-8F7D-38602F89FFE6}.Debug|Any CPU.ActiveCfg = Debug|Any CPU
		{B7523922-9745-40D4-8F7D-38602F89FFE6}.Debug|Any CPU.Build.0 = Debug|Any CPU
		{B7523922-9745-40D4-8F7D-38602F89FFE6}.Release|Any CPU.ActiveCfg = Release|Any CPU
		{B7523922-9745-40D4-8F7D-38602F89FFE6}.Release|Any CPU.Build.0 = Release|Any CPU
	EndGlobalSection
	GlobalSection(SolutionProperties) = preSolution
		HideSolutionNode = FALSE
	EndGlobalSection
	GlobalSection(ExtensibilityGlobals) = postSolution
		SolutionGuid = {5D7088FF-C08B-4A70-98D9-68EA70CD1AC4}
	EndGlobalSection
EndGlobal
